// !$*UTF8*$!
{
	archiveVersion = 1;
	classes = {
	};
	objectVersion = 56;
	objects = {

/* Begin PBXBuildFile section */
		8A2F583E2BAC896200A5B4DE /* AppDelegate.swift in Sources */ = {isa = PBXBuildFile; fileRef = 8A2F583D2BAC896200A5B4DE /* AppDelegate.swift */; };
		8A2F58402BAC896200A5B4DE /* SceneDelegate.swift in Sources */ = {isa = PBXBuildFile; fileRef = 8A2F583F2BAC896200A5B4DE /* SceneDelegate.swift */; };
		8A2F58422BAC896200A5B4DE /* ViewController.swift in Sources */ = {isa = PBXBuildFile; fileRef = 8A2F58412BAC896200A5B4DE /* ViewController.swift */; };
		8A2F58472BAC896300A5B4DE /* Assets.xcassets in Resources */ = {isa = PBXBuildFile; fileRef = 8A2F58462BAC896300A5B4DE /* Assets.xcassets */; };
		8A2F584A2BAC896300A5B4DE /* LaunchScreen.storyboard in Resources */ = {isa = PBXBuildFile; fileRef = 8A2F58482BAC896300A5B4DE /* LaunchScreen.storyboard */; };
		8A2F58572BAC8C9A00A5B4DE /* String+Extensions.swift in Sources */ = {isa = PBXBuildFile; fileRef = 8A2F58562BAC8C9A00A5B4DE /* String+Extensions.swift */; };
		8A2F585A2BAC8DCB00A5B4DE /* SnapKit in Frameworks */ = {isa = PBXBuildFile; productRef = 8A2F58592BAC8DCB00A5B4DE /* SnapKit */; };
		8A2F585C2BAC8DCB00A5B4DE /* SnapKit-Dynamic in Frameworks */ = {isa = PBXBuildFile; productRef = 8A2F585B2BAC8DCB00A5B4DE /* SnapKit-Dynamic */; };
		8A2F585E2BAC8DFE00A5B4DE /* UIView+Extensions.swift in Sources */ = {isa = PBXBuildFile; fileRef = 8A2F585D2BAC8DFE00A5B4DE /* UIView+Extensions.swift */; };
/* End PBXBuildFile section */

/* Begin PBXFileReference section */
		8A2F583A2BAC896200A5B4DE /* iOS12-HW17-Alexey-Cherebayev.app */ = {isa = PBXFileReference; explicitFileType = wrapper.application; includeInIndex = 0; path = "iOS12-HW17-Alexey-Cherebayev.app"; sourceTree = BUILT_PRODUCTS_DIR; };
		8A2F583D2BAC896200A5B4DE /* AppDelegate.swift */ = {isa = PBXFileReference; lastKnownFileType = sourcecode.swift; path = AppDelegate.swift; sourceTree = "<group>"; };
		8A2F583F2BAC896200A5B4DE /* SceneDelegate.swift */ = {isa = PBXFileReference; lastKnownFileType = sourcecode.swift; path = SceneDelegate.swift; sourceTree = "<group>"; };
		8A2F58412BAC896200A5B4DE /* ViewController.swift */ = {isa = PBXFileReference; lastKnownFileType = sourcecode.swift; path = ViewController.swift; sourceTree = "<group>"; };
		8A2F58462BAC896300A5B4DE /* Assets.xcassets */ = {isa = PBXFileReference; lastKnownFileType = folder.assetcatalog; path = Assets.xcassets; sourceTree = "<group>"; };
		8A2F58492BAC896300A5B4DE /* Base */ = {isa = PBXFileReference; lastKnownFileType = file.storyboard; name = Base; path = Base.lproj/LaunchScreen.storyboard; sourceTree = "<group>"; };
		8A2F584B2BAC896300A5B4DE /* Info.plist */ = {isa = PBXFileReference; lastKnownFileType = text.plist.xml; path = Info.plist; sourceTree = "<group>"; };
		8A2F58562BAC8C9A00A5B4DE /* String+Extensions.swift */ = {isa = PBXFileReference; lastKnownFileType = sourcecode.swift; path = "String+Extensions.swift"; sourceTree = "<group>"; };
		8A2F585D2BAC8DFE00A5B4DE /* UIView+Extensions.swift */ = {isa = PBXFileReference; lastKnownFileType = sourcecode.swift; path = "UIView+Extensions.swift"; sourceTree = "<group>"; };
/* End PBXFileReference section */

/* Begin PBXFrameworksBuildPhase section */
		8A2F58372BAC896200A5B4DE /* Frameworks */ = {
			isa = PBXFrameworksBuildPhase;
			buildActionMask = 2147483647;
			files = (
				8A2F585A2BAC8DCB00A5B4DE /* SnapKit in Frameworks */,
				8A2F585C2BAC8DCB00A5B4DE /* SnapKit-Dynamic in Frameworks */,
			);
			runOnlyForDeploymentPostprocessing = 0;
		};
/* End PBXFrameworksBuildPhase section */

/* Begin PBXGroup section */
		8A2F58312BAC896200A5B4DE = {
			isa = PBXGroup;
			children = (
				8A2F583C2BAC896200A5B4DE /* iOS12-HW17-Alexey-Cherebayev */,
				8A2F583B2BAC896200A5B4DE /* Products */,
			);
			sourceTree = "<group>";
		};
		8A2F583B2BAC896200A5B4DE /* Products */ = {
			isa = PBXGroup;
			children = (
				8A2F583A2BAC896200A5B4DE /* iOS12-HW17-Alexey-Cherebayev.app */,
			);
			name = Products;
			sourceTree = "<group>";
		};
		8A2F583C2BAC896200A5B4DE /* iOS12-HW17-Alexey-Cherebayev */ = {
			isa = PBXGroup;
			children = (
				8A2F58512BAC8A3D00A5B4DE /* App */,
				8A2F58532BAC8A5B00A5B4DE /* Sources */,
				8A2F58522BAC8A4800A5B4DE /* Resources */,
			);
			path = "iOS12-HW17-Alexey-Cherebayev";
			sourceTree = "<group>";
		};
		8A2F58512BAC8A3D00A5B4DE /* App */ = {
			isa = PBXGroup;
			children = (
				8A2F583D2BAC896200A5B4DE /* AppDelegate.swift */,
				8A2F583F2BAC896200A5B4DE /* SceneDelegate.swift */,
			);
			path = App;
			sourceTree = "<group>";
		};
		8A2F58522BAC8A4800A5B4DE /* Resources */ = {
			isa = PBXGroup;
			children = (
				8A2F58462BAC896300A5B4DE /* Assets.xcassets */,
				8A2F58482BAC896300A5B4DE /* LaunchScreen.storyboard */,
				8A2F584B2BAC896300A5B4DE /* Info.plist */,
			);
			path = Resources;
			sourceTree = "<group>";
		};
		8A2F58532BAC8A5B00A5B4DE /* Sources */ = {
			isa = PBXGroup;
			children = (
				8A2F58552BAC8C8700A5B4DE /* Extensions */,
				8A2F58542BAC8A6400A5B4DE /* Controllers */,
			);
			path = Sources;
			sourceTree = "<group>";
		};
		8A2F58542BAC8A6400A5B4DE /* Controllers */ = {
			isa = PBXGroup;
			children = (
				8A2F58412BAC896200A5B4DE /* ViewController.swift */,
			);
			path = Controllers;
			sourceTree = "<group>";
		};
		8A2F58552BAC8C8700A5B4DE /* Extensions */ = {
			isa = PBXGroup;
			children = (
				8A2F58562BAC8C9A00A5B4DE /* String+Extensions.swift */,
				8A2F585D2BAC8DFE00A5B4DE /* UIView+Extensions.swift */,
			);
			path = Extensions;
			sourceTree = "<group>";
		};
/* End PBXGroup section */

/* Begin PBXNativeTarget section */
		8A2F58392BAC896200A5B4DE /* iOS12-HW17-Alexey-Cherebayev */ = {
			isa = PBXNativeTarget;
			buildConfigurationList = 8A2F584E2BAC896300A5B4DE /* Build configuration list for PBXNativeTarget "iOS12-HW17-Alexey-Cherebayev" */;
			buildPhases = (
				8A2F58362BAC896200A5B4DE /* Sources */,
				8A2F58372BAC896200A5B4DE /* Frameworks */,
				8A2F58382BAC896200A5B4DE /* Resources */,
			);
			buildRules = (
			);
			dependencies = (
			);
			name = "iOS12-HW17-Alexey-Cherebayev";
			packageProductDependencies = (
				8A2F58592BAC8DCB00A5B4DE /* SnapKit */,
				8A2F585B2BAC8DCB00A5B4DE /* SnapKit-Dynamic */,
			);
			productName = "iOS12-HW17-Alexey-Cherebayev";
			productReference = 8A2F583A2BAC896200A5B4DE /* iOS12-HW17-Alexey-Cherebayev.app */;
			productType = "com.apple.product-type.application";
		};
/* End PBXNativeTarget section */

/* Begin PBXProject section */
		8A2F58322BAC896200A5B4DE /* Project object */ = {
			isa = PBXProject;
			attributes = {
				BuildIndependentTargetsInParallel = 1;
				LastSwiftUpdateCheck = 1520;
				LastUpgradeCheck = 1520;
				TargetAttributes = {
					8A2F58392BAC896200A5B4DE = {
						CreatedOnToolsVersion = 15.2;
					};
				};
			};
			buildConfigurationList = 8A2F58352BAC896200A5B4DE /* Build configuration list for PBXProject "iOS12-HW17-Alexey-Cherebayev" */;
			compatibilityVersion = "Xcode 14.0";
			developmentRegion = en;
			hasScannedForEncodings = 0;
			knownRegions = (
				en,
				Base,
			);
			mainGroup = 8A2F58312BAC896200A5B4DE;
			packageReferences = (
				8A2F58582BAC8DCB00A5B4DE /* XCRemoteSwiftPackageReference "SnapKit" */,
			);
			productRefGroup = 8A2F583B2BAC896200A5B4DE /* Products */;
			projectDirPath = "";
			projectRoot = "";
			targets = (
				8A2F58392BAC896200A5B4DE /* iOS12-HW17-Alexey-Cherebayev */,
			);
		};
/* End PBXProject section */

/* Begin PBXResourcesBuildPhase section */
		8A2F58382BAC896200A5B4DE /* Resources */ = {
			isa = PBXResourcesBuildPhase;
			buildActionMask = 2147483647;
			files = (
				8A2F584A2BAC896300A5B4DE /* LaunchScreen.storyboard in Resources */,
				8A2F58472BAC896300A5B4DE /* Assets.xcassets in Resources */,
			);
			runOnlyForDeploymentPostprocessing = 0;
		};
/* End PBXResourcesBuildPhase section */

/* Begin PBXSourcesBuildPhase section */
		8A2F58362BAC896200A5B4DE /* Sources */ = {
			isa = PBXSourcesBuildPhase;
			buildActionMask = 2147483647;
			files = (
				8A2F58572BAC8C9A00A5B4DE /* String+Extensions.swift in Sources */,
				8A2F58422BAC896200A5B4DE /* ViewController.swift in Sources */,
				8A2F583E2BAC896200A5B4DE /* AppDelegate.swift in Sources */,
				8A2F585E2BAC8DFE00A5B4DE /* UIView+Extensions.swift in Sources */,
				8A2F58402BAC896200A5B4DE /* SceneDelegate.swift in Sources */,
			);
			runOnlyForDeploymentPostprocessing = 0;
		};
/* End PBXSourcesBuildPhase section */

/* Begin PBXVariantGroup section */
		8A2F58482BAC896300A5B4DE /* LaunchScreen.storyboard */ = {
			isa = PBXVariantGroup;
			children = (
				8A2F58492BAC896300A5B4DE /* Base */,
			);
			name = LaunchScreen.storyboard;
			sourceTree = "<group>";
		};
/* End PBXVariantGroup section */

/* Begin XCBuildConfiguration section */
		8A2F584C2BAC896300A5B4DE /* Debug */ = {
			isa = XCBuildConfiguration;
			buildSettings = {
				ALWAYS_SEARCH_USER_PATHS = NO;
				ASSETCATALOG_COMPILER_GENERATE_SWIFT_ASSET_SYMBOL_EXTENSIONS = YES;
				CLANG_ANALYZER_NONNULL = YES;
				CLANG_ANALYZER_NUMBER_OBJECT_CONVERSION = YES_AGGRESSIVE;
				CLANG_CXX_LANGUAGE_STANDARD = "gnu++20";
				CLANG_ENABLE_MODULES = YES;
				CLANG_ENABLE_OBJC_ARC = YES;
				CLANG_ENABLE_OBJC_WEAK = YES;
				CLANG_WARN_BLOCK_CAPTURE_AUTORELEASING = YES;
				CLANG_WARN_BOOL_CONVERSION = YES;
				CLANG_WARN_COMMA = YES;
				CLANG_WARN_CONSTANT_CONVERSION = YES;
				CLANG_WARN_DEPRECATED_OBJC_IMPLEMENTATIONS = YES;
				CLANG_WARN_DIRECT_OBJC_ISA_USAGE = YES_ERROR;
				CLANG_WARN_DOCUMENTATION_COMMENTS = YES;
				CLANG_WARN_EMPTY_BODY = YES;
				CLANG_WARN_ENUM_CONVERSION = YES;
				CLANG_WARN_INFINITE_RECURSION = YES;
				CLANG_WARN_INT_CONVERSION = YES;
				CLANG_WARN_NON_LITERAL_NULL_CONVERSION = YES;
				CLANG_WARN_OBJC_IMPLICIT_RETAIN_SELF = YES;
				CLANG_WARN_OBJC_LITERAL_CONVERSION = YES;
				CLANG_WARN_OBJC_ROOT_CLASS = YES_ERROR;
				CLANG_WARN_QUOTED_INCLUDE_IN_FRAMEWORK_HEADER = YES;
				CLANG_WARN_RANGE_LOOP_ANALYSIS = YES;
				CLANG_WARN_STRICT_PROTOTYPES = YES;
				CLANG_WARN_SUSPICIOUS_MOVE = YES;
				CLANG_WARN_UNGUARDED_AVAILABILITY = YES_AGGRESSIVE;
				CLANG_WARN_UNREACHABLE_CODE = YES;
				CLANG_WARN__DUPLICATE_METHOD_MATCH = YES;
				COPY_PHASE_STRIP = NO;
				DEBUG_INFORMATION_FORMAT = dwarf;
				ENABLE_STRICT_OBJC_MSGSEND = YES;
				ENABLE_TESTABILITY = YES;
				ENABLE_USER_SCRIPT_SANDBOXING = YES;
				GCC_C_LANGUAGE_STANDARD = gnu17;
				GCC_DYNAMIC_NO_PIC = NO;
				GCC_NO_COMMON_BLOCKS = YES;
				GCC_OPTIMIZATION_LEVEL = 0;
				GCC_PREPROCESSOR_DEFINITIONS = (
					"DEBUG=1",
					"$(inherited)",
				);
				GCC_WARN_64_TO_32_BIT_CONVERSION = YES;
				GCC_WARN_ABOUT_RETURN_TYPE = YES_ERROR;
				GCC_WARN_UNDECLARED_SELECTOR = YES;
				GCC_WARN_UNINITIALIZED_AUTOS = YES_AGGRESSIVE;
				GCC_WARN_UNUSED_FUNCTION = YES;
				GCC_WARN_UNUSED_VARIABLE = YES;
				IPHONEOS_DEPLOYMENT_TARGET = 17.2;
				LOCALIZATION_PREFERS_STRING_CATALOGS = YES;
				MTL_ENABLE_DEBUG_INFO = INCLUDE_SOURCE;
				MTL_FAST_MATH = YES;
				ONLY_ACTIVE_ARCH = YES;
				SDKROOT = iphoneos;
				SWIFT_ACTIVE_COMPILATION_CONDITIONS = "DEBUG $(inherited)";
				SWIFT_OPTIMIZATION_LEVEL = "-Onone";
			};
			name = Debug;
		};
		8A2F584D2BAC896300A5B4DE /* Release */ = {
			isa = XCBuildConfiguration;
			buildSettings = {
				ALWAYS_SEARCH_USER_PATHS = NO;
				ASSETCATALOG_COMPILER_GENERATE_SWIFT_ASSET_SYMBOL_EXTENSIONS = YES;
				CLANG_ANALYZER_NONNULL = YES;
				CLANG_ANALYZER_NUMBER_OBJECT_CONVERSION = YES_AGGRESSIVE;
				CLANG_CXX_LANGUAGE_STANDARD = "gnu++20";
				CLANG_ENABLE_MODULES = YES;
				CLANG_ENABLE_OBJC_ARC = YES;
				CLANG_ENABLE_OBJC_WEAK = YES;
				CLANG_WARN_BLOCK_CAPTURE_AUTORELEASING = YES;
				CLANG_WARN_BOOL_CONVERSION = YES;
				CLANG_WARN_COMMA = YES;
				CLANG_WARN_CONSTANT_CONVERSION = YES;
				CLANG_WARN_DEPRECATED_OBJC_IMPLEMENTATIONS = YES;
				CLANG_WARN_DIRECT_OBJC_ISA_USAGE = YES_ERROR;
				CLANG_WARN_DOCUMENTATION_COMMENTS = YES;
				CLANG_WARN_EMPTY_BODY = YES;
				CLANG_WARN_ENUM_CONVERSION = YES;
				CLANG_WARN_INFINITE_RECURSION = YES;
				CLANG_WARN_INT_CONVERSION = YES;
				CLANG_WARN_NON_LITERAL_NULL_CONVERSION = YES;
				CLANG_WARN_OBJC_IMPLICIT_RETAIN_SELF = YES;
				CLANG_WARN_OBJC_LITERAL_CONVERSION = YES;
				CLANG_WARN_OBJC_ROOT_CLASS = YES_ERROR;
				CLANG_WARN_QUOTED_INCLUDE_IN_FRAMEWORK_HEADER = YES;
				CLANG_WARN_RANGE_LOOP_ANALYSIS = YES;
				CLANG_WARN_STRICT_PROTOTYPES = YES;
				CLANG_WARN_SUSPICIOUS_MOVE = YES;
				CLANG_WARN_UNGUARDED_AVAILABILITY = YES_AGGRESSIVE;
				CLANG_WARN_UNREACHABLE_CODE = YES;
				CLANG_WARN__DUPLICATE_METHOD_MATCH = YES;
				COPY_PHASE_STRIP = NO;
				DEBUG_INFORMATION_FORMAT = "dwarf-with-dsym";
				ENABLE_NS_ASSERTIONS = NO;
				ENABLE_STRICT_OBJC_MSGSEND = YES;
				ENABLE_USER_SCRIPT_SANDBOXING = YES;
				GCC_C_LANGUAGE_STANDARD = gnu17;
				GCC_NO_COMMON_BLOCKS = YES;
				GCC_WARN_64_TO_32_BIT_CONVERSION = YES;
				GCC_WARN_ABOUT_RETURN_TYPE = YES_ERROR;
				GCC_WARN_UNDECLARED_SELECTOR = YES;
				GCC_WARN_UNINITIALIZED_AUTOS = YES_AGGRESSIVE;
				GCC_WARN_UNUSED_FUNCTION = YES;
				GCC_WARN_UNUSED_VARIABLE = YES;
				IPHONEOS_DEPLOYMENT_TARGET = 17.2;
				LOCALIZATION_PREFERS_STRING_CATALOGS = YES;
				MTL_ENABLE_DEBUG_INFO = NO;
				MTL_FAST_MATH = YES;
				SDKROOT = iphoneos;
				SWIFT_COMPILATION_MODE = wholemodule;
				VALIDATE_PRODUCT = YES;
			};
			name = Release;
		};
		8A2F584F2BAC896300A5B4DE /* Debug */ = {
			isa = XCBuildConfiguration;
			buildSettings = {
				ASSETCATALOG_COMPILER_APPICON_NAME = AppIcon;
				ASSETCATALOG_COMPILER_GLOBAL_ACCENT_COLOR_NAME = AccentColor;
				CODE_SIGN_STYLE = Automatic;
				CURRENT_PROJECT_VERSION = 1;
				DEVELOPMENT_TEAM = 4EE9JPLE3R;
				GENERATE_INFOPLIST_FILE = YES;
				INFOPLIST_FILE = "iOS12-HW17-Alexey-Cherebayev/Resources/Info.plist";
				INFOPLIST_KEY_UIApplicationSupportsIndirectInputEvents = YES;
				INFOPLIST_KEY_UILaunchStoryboardName = LaunchScreen;
				INFOPLIST_KEY_UIMainStoryboardFile = "";
				INFOPLIST_KEY_UISupportedInterfaceOrientations_iPad = "UIInterfaceOrientationPortrait UIInterfaceOrientationPortraitUpsideDown UIInterfaceOrientationLandscapeLeft UIInterfaceOrientationLandscapeRight";
				INFOPLIST_KEY_UISupportedInterfaceOrientations_iPhone = "UIInterfaceOrientationPortrait UIInterfaceOrientationLandscapeLeft UIInterfaceOrientationLandscapeRight";
				LD_RUNPATH_SEARCH_PATHS = (
					"$(inherited)",
					"@executable_path/Frameworks",
				);
				MARKETING_VERSION = 1.0;
				PRODUCT_BUNDLE_IDENTIFIER = "com.home.iOS12-HW17-Alexey-Cherebayev";
				PRODUCT_NAME = "$(TARGET_NAME)";
				SWIFT_EMIT_LOC_STRINGS = YES;
				SWIFT_VERSION = 5.0;
				TARGETED_DEVICE_FAMILY = "1,2";
			};
			name = Debug;
		};
		8A2F58502BAC896300A5B4DE /* Release */ = {
			isa = XCBuildConfiguration;
			buildSettings = {
				ASSETCATALOG_COMPILER_APPICON_NAME = AppIcon;
				ASSETCATALOG_COMPILER_GLOBAL_ACCENT_COLOR_NAME = AccentColor;
				CODE_SIGN_STYLE = Automatic;
				CURRENT_PROJECT_VERSION = 1;
				DEVELOPMENT_TEAM = 4EE9JPLE3R;
				GENERATE_INFOPLIST_FILE = YES;
				INFOPLIST_FILE = "iOS12-HW17-Alexey-Cherebayev/Resources/Info.plist";
				INFOPLIST_KEY_UIApplicationSupportsIndirectInputEvents = YES;
				INFOPLIST_KEY_UILaunchStoryboardName = LaunchScreen;
				INFOPLIST_KEY_UIMainStoryboardFile = "";
				INFOPLIST_KEY_UISupportedInterfaceOrientations_iPad = "UIInterfaceOrientationPortrait UIInterfaceOrientationPortraitUpsideDown UIInterfaceOrientationLandscapeLeft UIInterfaceOrientationLandscapeRight";
				INFOPLIST_KEY_UISupportedInterfaceOrientations_iPhone = "UIInterfaceOrientationPortrait UIInterfaceOrientationLandscapeLeft UIInterfaceOrientationLandscapeRight";
				LD_RUNPATH_SEARCH_PATHS = (
					"$(inherited)",
					"@executable_path/Frameworks",
				);
				MARKETING_VERSION = 1.0;
				PRODUCT_BUNDLE_IDENTIFIER = "com.home.iOS12-HW17-Alexey-Cherebayev";
				PRODUCT_NAME = "$(TARGET_NAME)";
				SWIFT_EMIT_LOC_STRINGS = YES;
				SWIFT_VERSION = 5.0;
				TARGETED_DEVICE_FAMILY = "1,2";
			};
			name = Release;
		};
/* End XCBuildConfiguration section */

/* Begin XCConfigurationList section */
		8A2F58352BAC896200A5B4DE /* Build configuration list for PBXProject "iOS12-HW17-Alexey-Cherebayev" */ = {
			isa = XCConfigurationList;
			buildConfigurations = (
				8A2F584C2BAC896300A5B4DE /* Debug */,
				8A2F584D2BAC896300A5B4DE /* Release */,
			);
			defaultConfigurationIsVisible = 0;
			defaultConfigurationName = Release;
		};
		8A2F584E2BAC896300A5B4DE /* Build configuration list for PBXNativeTarget "iOS12-HW17-Alexey-Cherebayev" */ = {
			isa = XCConfigurationList;
			buildConfigurations = (
				8A2F584F2BAC896300A5B4DE /* Debug */,
				8A2F58502BAC896300A5B4DE /* Release */,
			);
			defaultConfigurationIsVisible = 0;
			defaultConfigurationName = Release;
		};
/* End XCConfigurationList section */

/* Begin XCRemoteSwiftPackageReference section */
		8A2F58582BAC8DCB00A5B4DE /* XCRemoteSwiftPackageReference "SnapKit" */ = {
			isa = XCRemoteSwiftPackageReference;
			repositoryURL = "https://github.com/SnapKit/SnapKit";
			requirement = {
				kind = upToNextMajorVersion;
				minimumVersion = 5.7.1;
			};
		};
/* End XCRemoteSwiftPackageReference section */

/* Begin XCSwiftPackageProductDependency section */
		8A2F58592BAC8DCB00A5B4DE /* SnapKit */ = {
			isa = XCSwiftPackageProductDependency;
			package = 8A2F58582BAC8DCB00A5B4DE /* XCRemoteSwiftPackageReference "SnapKit" */;
			productName = SnapKit;
		};
		8A2F585B2BAC8DCB00A5B4DE /* SnapKit-Dynamic */ = {
			isa = XCSwiftPackageProductDependency;
			package = 8A2F58582BAC8DCB00A5B4DE /* XCRemoteSwiftPackageReference "SnapKit" */;
			productName = "SnapKit-Dynamic";
		};
/* End XCSwiftPackageProductDependency section */
	};
	rootObject = 8A2F58322BAC896200A5B4DE /* Project object */;
}
